
Microsoft Visual Studio Solution File, Format Version 12.00
# Visual Studio 15
VisualStudioVersion = 15.0.28010.2019
MinimumVisualStudioVersion = 10.0.40219.1
Project("{FAE04EC0-301F-11D3-BF4B-00C04F79EFBC}") = "omm_web", "omm_web\omm_web.csproj", "{DD18FAF8-36B7-4AD8-9116-85304720F374}"
EndProject
Global
	GlobalSection(SolutionConfigurationPlatforms) = preSolution
		Debug|Any CPU = Debug|Any CPU
		Release|Any CPU = Release|Any CPU
	EndGlobalSection
	GlobalSection(ProjectConfigurationPlatforms) = postSolution
		{DD18FAF8-36B7-4AD8-9116-85304720F374}.Debug|Any CPU.ActiveCfg = Debug|Any CPU
		{DD18FAF8-36B7-4AD8-9116-85304720F374}.Debug|Any CPU.Build.0 = Debug|Any CPU
		{DD18FAF8-36B7-4AD8-9116-85304720F374}.Release|Any CPU.ActiveCfg = Release|Any CPU
		{DD18FAF8-36B7-4AD8-9116-85304720F374}.Release|Any CPU.Build.0 = Release|Any CPU
	EndGlobalSection
	GlobalSection(SolutionProperties) = preSolution
		HideSolutionNode = FALSE
	EndGlobalSection
	GlobalSection(ExtensibilityGlobals) = postSolution
		SolutionGuid = {4DA4E84E-954E-4940-9D9E-F990BD9F91DD}
	EndGlobalSection
EndGlobal
